
Microsoft Visual Studio Solution File, Format Version 12.00
# Visual Studio Version 16
VisualStudioVersion = 16.0.31129.286
MinimumVisualStudioVersion = 10.0.40219.1
Project("{9A19103F-16F7-4668-BE54-9A1E7A4F7556}") = "MicroServicesPFE", "MicroServicesPFE\MicroServicesPFE.csproj", "{21DF3ED5-0624-45A6-9D30-A04364B5E05C}"
EndProject
Project("{2150E333-8FDC-42A3-9474-1A3956D46DE8}") = "Services", "Services", "{CBE0277E-9043-47C4-B455-D7B50B4E08AB}"
EndProject
Project("{2150E333-8FDC-42A3-9474-1A3956D46DE8}") = "CompanyServices", "CompanyServices", "{4ED50EB4-DACB-4648-BD5E-297D35D7FFB6}"
EndProject
Project("{2150E333-8FDC-42A3-9474-1A3956D46DE8}") = "CongeServices", "CongeServices", "{AF7B2DFF-0B1B-4A6A-B07B-CEE34B53FC35}"
EndProject
Project("{2150E333-8FDC-42A3-9474-1A3956D46DE8}") = "NoteDeFraisServices", "NoteDeFraisServices", "{03F99FFA-CFF8-4207-9630-7928686317CB}"
EndProject
Project("{2150E333-8FDC-42A3-9474-1A3956D46DE8}") = "ParamGeneralServices", "ParamGeneralServices", "{6603D946-A309-4816-AAB2-3A95C39EEC81}"
EndProject
Project("{2150E333-8FDC-42A3-9474-1A3956D46DE8}") = "ApiGateways", "ApiGateways", "{72C995BD-0D8B-4C99-BBD3-46EB9077BDCE}"
EndProject
Project("{9A19103F-16F7-4668-BE54-9A1E7A4F7556}") = "Company.Domain", "Company.Domain\Company.Domain.csproj", "{DA0465E1-D100-4CE1-8104-AFA27C0D97BF}"
EndProject
Project("{9A19103F-16F7-4668-BE54-9A1E7A4F7556}") = "Company.Data", "Company.Data\Company.Data.csproj", "{936CC55B-2A7F-4970-B4FF-8EB48E3381B6}"
EndProject
Project("{9A19103F-16F7-4668-BE54-9A1E7A4F7556}") = "Company.Services", "Company.Services\Company.Services.csproj", "{2EDDA39B-5549-4CAB-B13A-D5971D975285}"
EndProject
Project("{9A19103F-16F7-4668-BE54-9A1E7A4F7556}") = "Company.API", "Company.API\Company.API.csproj", "{C571445A-3A45-449D-ACAE-34D1DF4422EB}"
EndProject
Project("{9A19103F-16F7-4668-BE54-9A1E7A4F7556}") = "Conge.API", "Conge.API\Conge.API.csproj", "{7AEA9465-0DF5-4A72-887C-EA9F2666B229}"
EndProject
Project("{9A19103F-16F7-4668-BE54-9A1E7A4F7556}") = "Conge.Data", "Conge.Data\Conge.Data.csproj", "{9E3703D2-0887-448B-B907-7B71E24F6673}"
EndProject
Project("{9A19103F-16F7-4668-BE54-9A1E7A4F7556}") = "Conge.Domain", "Conge.Domain\Conge.Domain.csproj", "{D311FDB6-F33B-4937-86AB-533CD41D16EF}"
EndProject
Project("{9A19103F-16F7-4668-BE54-9A1E7A4F7556}") = "Conge.Services", "Conge.Services\Conge.Services.csproj", "{45F25756-9646-4064-8CB7-CD2808DBF1D7}"
EndProject
Project("{9A19103F-16F7-4668-BE54-9A1E7A4F7556}") = "ParamGeneral.Data", "ParamGeneral.Data\ParamGeneral.Data.csproj", "{299D6C8D-A96E-4603-B067-98C798061A20}"
EndProject
Project("{9A19103F-16F7-4668-BE54-9A1E7A4F7556}") = "ParamGeneral.Services", "ParamGeneral.Services\ParamGeneral.Services.csproj", "{589F6284-DC64-437B-99CC-E459ABD258B9}"
EndProject
Project("{9A19103F-16F7-4668-BE54-9A1E7A4F7556}") = "ParamGeneral.Domain", "ParamGeneral.Domain\ParamGeneral.Domain.csproj", "{1F30A31A-592F-4837-9BF3-B7357F64B35C}"
EndProject
Project("{9A19103F-16F7-4668-BE54-9A1E7A4F7556}") = "ParamGeneral.API", "ParamGeneral.API\ParamGeneral.API.csproj", "{6CC2F72B-4C1D-4E15-AFD8-17A7E0DBEAE2}"
EndProject
Project("{9A19103F-16F7-4668-BE54-9A1E7A4F7556}") = "NoteDeFrais.API", "NoteDeFrais.API\NoteDeFrais.API.csproj", "{A886CA9F-EF29-4334-95B8-10669A539DA1}"
EndProject
Project("{9A19103F-16F7-4668-BE54-9A1E7A4F7556}") = "NoteDeFrais.Domain", "NoteDeFrais.Domain\NoteDeFrais.Domain.csproj", "{888069CC-B29F-4AC1-9BFE-362315F7268F}"
EndProject
Project("{9A19103F-16F7-4668-BE54-9A1E7A4F7556}") = "NoteDeFrais.Services", "NoteDeFrais.Services\NoteDeFrais.Services.csproj", "{7E733CD8-641B-48CC-BF28-A8C090AC425A}"
EndProject
Project("{9A19103F-16F7-4668-BE54-9A1E7A4F7556}") = "NoteDeFrais.Data", "NoteDeFrais.Data\NoteDeFrais.Data.csproj", "{055ECCFB-5435-405A-873A-E21E9884563E}"
EndProject
Project("{2150E333-8FDC-42A3-9474-1A3956D46DE8}") = "EventBus", "EventBus", "{7AAACFBD-FEF6-420D-9A1B-F47C9764E8AD}"
EndProject
Project("{9A19103F-16F7-4668-BE54-9A1E7A4F7556}") = "Event", "Event\Event.csproj", "{6CEA85E5-DA43-412A-BF20-86F8474A4DF5}"
EndProject
Project("{9A19103F-16F7-4668-BE54-9A1E7A4F7556}") = "ParamGeneral.Test", "ParamGeneral.Test\ParamGeneral.Test.csproj", "{488B0F58-4388-43F3-8BC3-F4FC3695B774}"
EndProject
Project("{2150E333-8FDC-42A3-9474-1A3956D46DE8}") = "UserAppServices", "UserAppServices", "{CF9E42E4-2115-40C8-8901-1589D88AF829}"
EndProject
Project("{9A19103F-16F7-4668-BE54-9A1E7A4F7556}") = "UserApp.API", "UserApp.API\UserApp.API.csproj", "{60A2F509-F76B-4F55-B42D-5987FA7A28E3}"
EndProject
Project("{9A19103F-16F7-4668-BE54-9A1E7A4F7556}") = "UserApp.Domain", "UserApp.Domain\UserApp.Domain.csproj", "{46BC9AFF-4106-469B-B0B2-1C1484487425}"
EndProject
Project("{9A19103F-16F7-4668-BE54-9A1E7A4F7556}") = "UserApp.Data", "UserApp.Data\UserApp.Data.csproj", "{3701BE6D-C319-48C7-8FFD-0EA291C95399}"
EndProject
Project("{9A19103F-16F7-4668-BE54-9A1E7A4F7556}") = "UserApp.Services", "UserManager.Services\UserApp.Services.csproj", "{86321F2A-1433-4C60-99BF-399929FC4496}"
EndProject
Project("{9A19103F-16F7-4668-BE54-9A1E7A4F7556}") = "NoteDeFrais.Test", "NoteDeFrais.Test\NoteDeFrais.Test.csproj", "{1564DFBF-C0DE-48E8-9607-F53547C1C6C9}"
EndProject
Project("{9A19103F-16F7-4668-BE54-9A1E7A4F7556}") = "Conge.Test", "Conge.Test\Conge.Test.csproj", "{16B677FC-85A4-40C8-9D40-7F6F717ED568}"
EndProject
Project("{9A19103F-16F7-4668-BE54-9A1E7A4F7556}") = "OcelotGateway", "OcelotGateway\OcelotGateway.csproj", "{19CD98F2-101A-4447-B5AF-D9A5B6C0623F}"
EndProject
Global
	GlobalSection(SolutionConfigurationPlatforms) = preSolution
		Debug|Any CPU = Debug|Any CPU
		Release|Any CPU = Release|Any CPU
	EndGlobalSection
	GlobalSection(ProjectConfigurationPlatforms) = postSolution
		{21DF3ED5-0624-45A6-9D30-A04364B5E05C}.Debug|Any CPU.ActiveCfg = Debug|Any CPU
		{21DF3ED5-0624-45A6-9D30-A04364B5E05C}.Debug|Any CPU.Build.0 = Debug|Any CPU
		{21DF3ED5-0624-45A6-9D30-A04364B5E05C}.Release|Any CPU.ActiveCfg = Release|Any CPU
		{21DF3ED5-0624-45A6-9D30-A04364B5E05C}.Release|Any CPU.Build.0 = Release|Any CPU
		{DA0465E1-D100-4CE1-8104-AFA27C0D97BF}.Debug|Any CPU.ActiveCfg = Debug|Any CPU
		{DA0465E1-D100-4CE1-8104-AFA27C0D97BF}.Debug|Any CPU.Build.0 = Debug|Any CPU
		{DA0465E1-D100-4CE1-8104-AFA27C0D97BF}.Release|Any CPU.ActiveCfg = Release|Any CPU
		{DA0465E1-D100-4CE1-8104-AFA27C0D97BF}.Release|Any CPU.Build.0 = Release|Any CPU
		{936CC55B-2A7F-4970-B4FF-8EB48E3381B6}.Debug|Any CPU.ActiveCfg = Debug|Any CPU
		{936CC55B-2A7F-4970-B4FF-8EB48E3381B6}.Debug|Any CPU.Build.0 = Debug|Any CPU
		{936CC55B-2A7F-4970-B4FF-8EB48E3381B6}.Release|Any CPU.ActiveCfg = Release|Any CPU
		{936CC55B-2A7F-4970-B4FF-8EB48E3381B6}.Release|Any CPU.Build.0 = Release|Any CPU
		{2EDDA39B-5549-4CAB-B13A-D5971D975285}.Debug|Any CPU.ActiveCfg = Debug|Any CPU
		{2EDDA39B-5549-4CAB-B13A-D5971D975285}.Debug|Any CPU.Build.0 = Debug|Any CPU
		{2EDDA39B-5549-4CAB-B13A-D5971D975285}.Release|Any CPU.ActiveCfg = Release|Any CPU
		{2EDDA39B-5549-4CAB-B13A-D5971D975285}.Release|Any CPU.Build.0 = Release|Any CPU
		{C571445A-3A45-449D-ACAE-34D1DF4422EB}.Debug|Any CPU.ActiveCfg = Debug|Any CPU
		{C571445A-3A45-449D-ACAE-34D1DF4422EB}.Debug|Any CPU.Build.0 = Debug|Any CPU
		{C571445A-3A45-449D-ACAE-34D1DF4422EB}.Release|Any CPU.ActiveCfg = Release|Any CPU
		{C571445A-3A45-449D-ACAE-34D1DF4422EB}.Release|Any CPU.Build.0 = Release|Any CPU
		{7AEA9465-0DF5-4A72-887C-EA9F2666B229}.Debug|Any CPU.ActiveCfg = Debug|Any CPU
		{7AEA9465-0DF5-4A72-887C-EA9F2666B229}.Debug|Any CPU.Build.0 = Debug|Any CPU
		{7AEA9465-0DF5-4A72-887C-EA9F2666B229}.Release|Any CPU.ActiveCfg = Release|Any CPU
		{7AEA9465-0DF5-4A72-887C-EA9F2666B229}.Release|Any CPU.Build.0 = Release|Any CPU
		{9E3703D2-0887-448B-B907-7B71E24F6673}.Debug|Any CPU.ActiveCfg = Debug|Any CPU
		{9E3703D2-0887-448B-B907-7B71E24F6673}.Debug|Any CPU.Build.0 = Debug|Any CPU
		{9E3703D2-0887-448B-B907-7B71E24F6673}.Release|Any CPU.ActiveCfg = Release|Any CPU
		{9E3703D2-0887-448B-B907-7B71E24F6673}.Release|Any CPU.Build.0 = Release|Any CPU
		{D311FDB6-F33B-4937-86AB-533CD41D16EF}.Debug|Any CPU.ActiveCfg = Debug|Any CPU
		{D311FDB6-F33B-4937-86AB-533CD41D16EF}.Debug|Any CPU.Build.0 = Debug|Any CPU
		{D311FDB6-F33B-4937-86AB-533CD41D16EF}.Release|Any CPU.ActiveCfg = Release|Any CPU
		{D311FDB6-F33B-4937-86AB-533CD41D16EF}.Release|Any CPU.Build.0 = Release|Any CPU
		{45F25756-9646-4064-8CB7-CD2808DBF1D7}.Debug|Any CPU.ActiveCfg = Debug|Any CPU
		{45F25756-9646-4064-8CB7-CD2808DBF1D7}.Debug|Any CPU.Build.0 = Debug|Any CPU
		{45F25756-9646-4064-8CB7-CD2808DBF1D7}.Release|Any CPU.ActiveCfg = Release|Any CPU
		{45F25756-9646-4064-8CB7-CD2808DBF1D7}.Release|Any CPU.Build.0 = Release|Any CPU
		{299D6C8D-A96E-4603-B067-98C798061A20}.Debug|Any CPU.ActiveCfg = Debug|Any CPU
		{299D6C8D-A96E-4603-B067-98C798061A20}.Debug|Any CPU.Build.0 = Debug|Any CPU
		{299D6C8D-A96E-4603-B067-98C798061A20}.Release|Any CPU.ActiveCfg = Release|Any CPU
		{299D6C8D-A96E-4603-B067-98C798061A20}.Release|Any CPU.Build.0 = Release|Any CPU
		{589F6284-DC64-437B-99CC-E459ABD258B9}.Debug|Any CPU.ActiveCfg = Debug|Any CPU
		{589F6284-DC64-437B-99CC-E459ABD258B9}.Debug|Any CPU.Build.0 = Debug|Any CPU
		{589F6284-DC64-437B-99CC-E459ABD258B9}.Release|Any CPU.ActiveCfg = Release|Any CPU
		{589F6284-DC64-437B-99CC-E459ABD258B9}.Release|Any CPU.Build.0 = Release|Any CPU
		{1F30A31A-592F-4837-9BF3-B7357F64B35C}.Debug|Any CPU.ActiveCfg = Debug|Any CPU
		{1F30A31A-592F-4837-9BF3-B7357F64B35C}.Debug|Any CPU.Build.0 = Debug|Any CPU
		{1F30A31A-592F-4837-9BF3-B7357F64B35C}.Release|Any CPU.ActiveCfg = Release|Any CPU
		{1F30A31A-592F-4837-9BF3-B7357F64B35C}.Release|Any CPU.Build.0 = Release|Any CPU
		{6CC2F72B-4C1D-4E15-AFD8-17A7E0DBEAE2}.Debug|Any CPU.ActiveCfg = Debug|Any CPU
		{6CC2F72B-4C1D-4E15-AFD8-17A7E0DBEAE2}.Debug|Any CPU.Build.0 = Debug|Any CPU
		{6CC2F72B-4C1D-4E15-AFD8-17A7E0DBEAE2}.Release|Any CPU.ActiveCfg = Release|Any CPU
		{6CC2F72B-4C1D-4E15-AFD8-17A7E0DBEAE2}.Release|Any CPU.Build.0 = Release|Any CPU
		{A886CA9F-EF29-4334-95B8-10669A539DA1}.Debug|Any CPU.ActiveCfg = Debug|Any CPU
		{A886CA9F-EF29-4334-95B8-10669A539DA1}.Debug|Any CPU.Build.0 = Debug|Any CPU
		{A886CA9F-EF29-4334-95B8-10669A539DA1}.Release|Any CPU.ActiveCfg = Release|Any CPU
		{A886CA9F-EF29-4334-95B8-10669A539DA1}.Release|Any CPU.Build.0 = Release|Any CPU
		{888069CC-B29F-4AC1-9BFE-362315F7268F}.Debug|Any CPU.ActiveCfg = Debug|Any CPU
		{888069CC-B29F-4AC1-9BFE-362315F7268F}.Debug|Any CPU.Build.0 = Debug|Any CPU
		{888069CC-B29F-4AC1-9BFE-362315F7268F}.Release|Any CPU.ActiveCfg = Release|Any CPU
		{888069CC-B29F-4AC1-9BFE-362315F7268F}.Release|Any CPU.Build.0 = Release|Any CPU
		{7E733CD8-641B-48CC-BF28-A8C090AC425A}.Debug|Any CPU.ActiveCfg = Debug|Any CPU
		{7E733CD8-641B-48CC-BF28-A8C090AC425A}.Debug|Any CPU.Build.0 = Debug|Any CPU
		{7E733CD8-641B-48CC-BF28-A8C090AC425A}.Release|Any CPU.ActiveCfg = Release|Any CPU
		{7E733CD8-641B-48CC-BF28-A8C090AC425A}.Release|Any CPU.Build.0 = Release|Any CPU
		{055ECCFB-5435-405A-873A-E21E9884563E}.Debug|Any CPU.ActiveCfg = Debug|Any CPU
		{055ECCFB-5435-405A-873A-E21E9884563E}.Debug|Any CPU.Build.0 = Debug|Any CPU
		{055ECCFB-5435-405A-873A-E21E9884563E}.Release|Any CPU.ActiveCfg = Release|Any CPU
		{055ECCFB-5435-405A-873A-E21E9884563E}.Release|Any CPU.Build.0 = Release|Any CPU
		{6CEA85E5-DA43-412A-BF20-86F8474A4DF5}.Debug|Any CPU.ActiveCfg = Debug|Any CPU
		{6CEA85E5-DA43-412A-BF20-86F8474A4DF5}.Debug|Any CPU.Build.0 = Debug|Any CPU
		{6CEA85E5-DA43-412A-BF20-86F8474A4DF5}.Release|Any CPU.ActiveCfg = Release|Any CPU
		{6CEA85E5-DA43-412A-BF20-86F8474A4DF5}.Release|Any CPU.Build.0 = Release|Any CPU
		{488B0F58-4388-43F3-8BC3-F4FC3695B774}.Debug|Any CPU.ActiveCfg = Debug|Any CPU
		{488B0F58-4388-43F3-8BC3-F4FC3695B774}.Debug|Any CPU.Build.0 = Debug|Any CPU
		{488B0F58-4388-43F3-8BC3-F4FC3695B774}.Release|Any CPU.ActiveCfg = Release|Any CPU
		{488B0F58-4388-43F3-8BC3-F4FC3695B774}.Release|Any CPU.Build.0 = Release|Any CPU
		{60A2F509-F76B-4F55-B42D-5987FA7A28E3}.Debug|Any CPU.ActiveCfg = Debug|Any CPU
		{60A2F509-F76B-4F55-B42D-5987FA7A28E3}.Debug|Any CPU.Build.0 = Debug|Any CPU
		{60A2F509-F76B-4F55-B42D-5987FA7A28E3}.Release|Any CPU.ActiveCfg = Release|Any CPU
		{60A2F509-F76B-4F55-B42D-5987FA7A28E3}.Release|Any CPU.Build.0 = Release|Any CPU
		{46BC9AFF-4106-469B-B0B2-1C1484487425}.Debug|Any CPU.ActiveCfg = Debug|Any CPU
		{46BC9AFF-4106-469B-B0B2-1C1484487425}.Debug|Any CPU.Build.0 = Debug|Any CPU
		{46BC9AFF-4106-469B-B0B2-1C1484487425}.Release|Any CPU.ActiveCfg = Release|Any CPU
		{46BC9AFF-4106-469B-B0B2-1C1484487425}.Release|Any CPU.Build.0 = Release|Any CPU
		{3701BE6D-C319-48C7-8FFD-0EA291C95399}.Debug|Any CPU.ActiveCfg = Debug|Any CPU
		{3701BE6D-C319-48C7-8FFD-0EA291C95399}.Debug|Any CPU.Build.0 = Debug|Any CPU
		{3701BE6D-C319-48C7-8FFD-0EA291C95399}.Release|Any CPU.ActiveCfg = Release|Any CPU
		{3701BE6D-C319-48C7-8FFD-0EA291C95399}.Release|Any CPU.Build.0 = Release|Any CPU
		{86321F2A-1433-4C60-99BF-399929FC4496}.Debug|Any CPU.ActiveCfg = Debug|Any CPU
		{86321F2A-1433-4C60-99BF-399929FC4496}.Debug|Any CPU.Build.0 = Debug|Any CPU
		{86321F2A-1433-4C60-99BF-399929FC4496}.Release|Any CPU.ActiveCfg = Release|Any CPU
		{86321F2A-1433-4C60-99BF-399929FC4496}.Release|Any CPU.Build.0 = Release|Any CPU
		{1564DFBF-C0DE-48E8-9607-F53547C1C6C9}.Debug|Any CPU.ActiveCfg = Debug|Any CPU
		{1564DFBF-C0DE-48E8-9607-F53547C1C6C9}.Debug|Any CPU.Build.0 = Debug|Any CPU
		{1564DFBF-C0DE-48E8-9607-F53547C1C6C9}.Release|Any CPU.ActiveCfg = Release|Any CPU
		{1564DFBF-C0DE-48E8-9607-F53547C1C6C9}.Release|Any CPU.Build.0 = Release|Any CPU
		{16B677FC-85A4-40C8-9D40-7F6F717ED568}.Debug|Any CPU.ActiveCfg = Debug|Any CPU
		{16B677FC-85A4-40C8-9D40-7F6F717ED568}.Debug|Any CPU.Build.0 = Debug|Any CPU
		{16B677FC-85A4-40C8-9D40-7F6F717ED568}.Release|Any CPU.ActiveCfg = Release|Any CPU
		{16B677FC-85A4-40C8-9D40-7F6F717ED568}.Release|Any CPU.Build.0 = Release|Any CPU
		{19CD98F2-101A-4447-B5AF-D9A5B6C0623F}.Debug|Any CPU.ActiveCfg = Debug|Any CPU
		{19CD98F2-101A-4447-B5AF-D9A5B6C0623F}.Debug|Any CPU.Build.0 = Debug|Any CPU
		{19CD98F2-101A-4447-B5AF-D9A5B6C0623F}.Release|Any CPU.ActiveCfg = Release|Any CPU
		{19CD98F2-101A-4447-B5AF-D9A5B6C0623F}.Release|Any CPU.Build.0 = Release|Any CPU
	EndGlobalSection
	GlobalSection(SolutionProperties) = preSolution
		HideSolutionNode = FALSE
	EndGlobalSection
	GlobalSection(NestedProjects) = preSolution
		{4ED50EB4-DACB-4648-BD5E-297D35D7FFB6} = {CBE0277E-9043-47C4-B455-D7B50B4E08AB}
		{AF7B2DFF-0B1B-4A6A-B07B-CEE34B53FC35} = {CBE0277E-9043-47C4-B455-D7B50B4E08AB}
		{03F99FFA-CFF8-4207-9630-7928686317CB} = {CBE0277E-9043-47C4-B455-D7B50B4E08AB}
		{6603D946-A309-4816-AAB2-3A95C39EEC81} = {CBE0277E-9043-47C4-B455-D7B50B4E08AB}
		{DA0465E1-D100-4CE1-8104-AFA27C0D97BF} = {4ED50EB4-DACB-4648-BD5E-297D35D7FFB6}
		{936CC55B-2A7F-4970-B4FF-8EB48E3381B6} = {4ED50EB4-DACB-4648-BD5E-297D35D7FFB6}
		{2EDDA39B-5549-4CAB-B13A-D5971D975285} = {4ED50EB4-DACB-4648-BD5E-297D35D7FFB6}
		{C571445A-3A45-449D-ACAE-34D1DF4422EB} = {4ED50EB4-DACB-4648-BD5E-297D35D7FFB6}
		{7AEA9465-0DF5-4A72-887C-EA9F2666B229} = {AF7B2DFF-0B1B-4A6A-B07B-CEE34B53FC35}
		{9E3703D2-0887-448B-B907-7B71E24F6673} = {AF7B2DFF-0B1B-4A6A-B07B-CEE34B53FC35}
		{D311FDB6-F33B-4937-86AB-533CD41D16EF} = {AF7B2DFF-0B1B-4A6A-B07B-CEE34B53FC35}
		{45F25756-9646-4064-8CB7-CD2808DBF1D7} = {AF7B2DFF-0B1B-4A6A-B07B-CEE34B53FC35}
		{299D6C8D-A96E-4603-B067-98C798061A20} = {6603D946-A309-4816-AAB2-3A95C39EEC81}
		{589F6284-DC64-437B-99CC-E459ABD258B9} = {6603D946-A309-4816-AAB2-3A95C39EEC81}
		{1F30A31A-592F-4837-9BF3-B7357F64B35C} = {6603D946-A309-4816-AAB2-3A95C39EEC81}
		{6CC2F72B-4C1D-4E15-AFD8-17A7E0DBEAE2} = {6603D946-A309-4816-AAB2-3A95C39EEC81}
		{A886CA9F-EF29-4334-95B8-10669A539DA1} = {03F99FFA-CFF8-4207-9630-7928686317CB}
		{888069CC-B29F-4AC1-9BFE-362315F7268F} = {03F99FFA-CFF8-4207-9630-7928686317CB}
		{7E733CD8-641B-48CC-BF28-A8C090AC425A} = {03F99FFA-CFF8-4207-9630-7928686317CB}
		{055ECCFB-5435-405A-873A-E21E9884563E} = {03F99FFA-CFF8-4207-9630-7928686317CB}
		{6CEA85E5-DA43-412A-BF20-86F8474A4DF5} = {7AAACFBD-FEF6-420D-9A1B-F47C9764E8AD}
		{488B0F58-4388-43F3-8BC3-F4FC3695B774} = {6603D946-A309-4816-AAB2-3A95C39EEC81}
		{CF9E42E4-2115-40C8-8901-1589D88AF829} = {CBE0277E-9043-47C4-B455-D7B50B4E08AB}
		{60A2F509-F76B-4F55-B42D-5987FA7A28E3} = {CF9E42E4-2115-40C8-8901-1589D88AF829}
		{46BC9AFF-4106-469B-B0B2-1C1484487425} = {CF9E42E4-2115-40C8-8901-1589D88AF829}
		{3701BE6D-C319-48C7-8FFD-0EA291C95399} = {CF9E42E4-2115-40C8-8901-1589D88AF829}
		{86321F2A-1433-4C60-99BF-399929FC4496} = {CF9E42E4-2115-40C8-8901-1589D88AF829}
		{1564DFBF-C0DE-48E8-9607-F53547C1C6C9} = {03F99FFA-CFF8-4207-9630-7928686317CB}
		{16B677FC-85A4-40C8-9D40-7F6F717ED568} = {AF7B2DFF-0B1B-4A6A-B07B-CEE34B53FC35}
		{19CD98F2-101A-4447-B5AF-D9A5B6C0623F} = {72C995BD-0D8B-4C99-BBD3-46EB9077BDCE}
	EndGlobalSection
	GlobalSection(ExtensibilityGlobals) = postSolution
		SolutionGuid = {036BACE4-7584-4E7B-921E-D085398FF967}
	EndGlobalSection
EndGlobal
